
Microsoft Visual Studio Solution File, Format Version 12.00
# Visual Studio Version 17
VisualStudioVersion = 17.7.34031.279
MinimumVisualStudioVersion = 10.0.40219.1
Project("{9A19103F-16F7-4668-BE54-9A1E7A4F7556}") = "ServerSide", "ConsoleApp1\ServerSide.csproj", "{2072FCAA-0692-48FC-A742-F397CBB55C40}"
EndProject
Project("{9A19103F-16F7-4668-BE54-9A1E7A4F7556}") = "ClientSide", "ClientSide\ClientSide.csproj", "{258CCC8E-CAAD-4C7D-BBCD-C286ED8BFD27}"
EndProject
Project("{9A19103F-16F7-4668-BE54-9A1E7A4F7556}") = "SharedObjects", "SharedObjects\SharedObjects.csproj", "{E098083E-4B2E-4CC0-83D4-2DCAFA7DEBE8}"
EndProject
Project("{FAE04EC0-301F-11D3-BF4B-00C04F79EFBC}") = "FileSystem", "FileSystem\FileSystem.csproj", "{5E43917F-7302-4627-B8D4-15F9100ECFEE}"
EndProject
Project("{FAE04EC0-301F-11D3-BF4B-00C04F79EFBC}") = "AuthenticationAndTockens", "AuthenticationAndTockens\AuthenticationAndTockens.csproj", "{AE252D54-61A7-4D11-B9E3-7334170C4F0D}"
EndProject
Global
	GlobalSection(SolutionConfigurationPlatforms) = preSolution
		Debug|Any CPU = Debug|Any CPU
		Release|Any CPU = Release|Any CPU
	EndGlobalSection
	GlobalSection(ProjectConfigurationPlatforms) = postSolution
		{2072FCAA-0692-48FC-A742-F397CBB55C40}.Debug|Any CPU.ActiveCfg = Debug|Any CPU
		{2072FCAA-0692-48FC-A742-F397CBB55C40}.Debug|Any CPU.Build.0 = Debug|Any CPU
		{2072FCAA-0692-48FC-A742-F397CBB55C40}.Release|Any CPU.ActiveCfg = Release|Any CPU
		{2072FCAA-0692-48FC-A742-F397CBB55C40}.Release|Any CPU.Build.0 = Release|Any CPU
		{258CCC8E-CAAD-4C7D-BBCD-C286ED8BFD27}.Debug|Any CPU.ActiveCfg = Debug|Any CPU
		{258CCC8E-CAAD-4C7D-BBCD-C286ED8BFD27}.Debug|Any CPU.Build.0 = Debug|Any CPU
		{258CCC8E-CAAD-4C7D-BBCD-C286ED8BFD27}.Release|Any CPU.ActiveCfg = Release|Any CPU
		{258CCC8E-CAAD-4C7D-BBCD-C286ED8BFD27}.Release|Any CPU.Build.0 = Release|Any CPU
		{E098083E-4B2E-4CC0-83D4-2DCAFA7DEBE8}.Debug|Any CPU.ActiveCfg = Debug|Any CPU
		{E098083E-4B2E-4CC0-83D4-2DCAFA7DEBE8}.Debug|Any CPU.Build.0 = Debug|Any CPU
		{E098083E-4B2E-4CC0-83D4-2DCAFA7DEBE8}.Release|Any CPU.ActiveCfg = Release|Any CPU
		{E098083E-4B2E-4CC0-83D4-2DCAFA7DEBE8}.Release|Any CPU.Build.0 = Release|Any CPU
		{5E43917F-7302-4627-B8D4-15F9100ECFEE}.Debug|Any CPU.ActiveCfg = Debug|Any CPU
		{5E43917F-7302-4627-B8D4-15F9100ECFEE}.Debug|Any CPU.Build.0 = Debug|Any CPU
		{5E43917F-7302-4627-B8D4-15F9100ECFEE}.Release|Any CPU.ActiveCfg = Release|Any CPU
		{5E43917F-7302-4627-B8D4-15F9100ECFEE}.Release|Any CPU.Build.0 = Release|Any CPU
		{AE252D54-61A7-4D11-B9E3-7334170C4F0D}.Debug|Any CPU.ActiveCfg = Debug|Any CPU
		{AE252D54-61A7-4D11-B9E3-7334170C4F0D}.Debug|Any CPU.Build.0 = Debug|Any CPU
		{AE252D54-61A7-4D11-B9E3-7334170C4F0D}.Release|Any CPU.ActiveCfg = Release|Any CPU
		{AE252D54-61A7-4D11-B9E3-7334170C4F0D}.Release|Any CPU.Build.0 = Release|Any CPU
	EndGlobalSection
	GlobalSection(SolutionProperties) = preSolution
		HideSolutionNode = FALSE
	EndGlobalSection
	GlobalSection(ExtensibilityGlobals) = postSolution
		SolutionGuid = {1207E7B1-F238-483B-BCBF-B7525AD7E5B8}
	EndGlobalSection
EndGlobal
